
Microsoft Visual Studio Solution File, Format Version 12.00
# Visual Studio 15
Project("{FAE04EC0-301F-11D3-BF4B-00C04F79EFBC}") = "Assembly-CSharp", "Assembly-CSharp.csproj", "{17DF8388-E78F-3658-E13A-E6411311D915}"
EndProject
Global
	GlobalSection(SolutionConfigurationPlatforms) = preSolution
		Debug|Any CPU = Debug|Any CPU
		Release|Any CPU = Release|Any CPU
	EndGlobalSection
	GlobalSection(ProjectConfigurationPlatforms) = postSolution
		{17DF8388-E78F-3658-E13A-E6411311D915}.Debug|Any CPU.ActiveCfg = Debug|Any CPU
		{17DF8388-E78F-3658-E13A-E6411311D915}.Debug|Any CPU.Build.0 = Debug|Any CPU
		{17DF8388-E78F-3658-E13A-E6411311D915}.Release|Any CPU.ActiveCfg = Release|Any CPU
		{17DF8388-E78F-3658-E13A-E6411311D915}.Release|Any CPU.Build.0 = Release|Any CPU
	EndGlobalSection
	GlobalSection(SolutionProperties) = preSolution
		HideSolutionNode = FALSE
	EndGlobalSection
EndGlobal
